<?xml version="1.0" encoding="utf-8"?>
<Project ToolsVersion="4.0" xmlns="http://schemas.microsoft.com/developer/msbuild/2003">
  <ItemGroup>
    <ClCompile Include="..\src\lua\lua_test.cpp">
      <Filter>lua</Filter>
    </ClCompile>
    <ClCompile Include="..\src\libevent\libeventTest.cpp">
      <Filter>libevent</Filter>
    </ClCompile>
    <ClCompile Include="..\src\main\main.cpp">
      <Filter>main</Filter>
    </ClCompile>
    <ClCompile Include="..\src\memmove\memmove_test.cpp">
      <Filter>memmove</Filter>
    </ClCompile>
    <ClCompile Include="..\src\memory\new_test.cpp">
      <Filter>memory</Filter>
    </ClCompile>
  </ItemGroup>
  <ItemGroup>
    <ClInclude Include="..\src\lua\lua_test.h">
      <Filter>lua</Filter>
    </ClInclude>
    <ClInclude Include="..\src\libevent\libeventTest.h">
      <Filter>libevent</Filter>
    </ClInclude>
    <ClInclude Include="..\src\main\main.h">
      <Filter>main</Filter>
    </ClInclude>
    <ClInclude Include="..\src\memmove\memmove_test.h">
      <Filter>memmove</Filter>
    </ClInclude>
    <ClInclude Include="..\src\memory\new_test.h">
      <Filter>memory</Filter>
    </ClInclude>
    <ClInclude Include="..\src\algorithm\0_1_bag.h">
      <Filter>algorithm</Filter>
    </ClInclude>
    <ClInclude Include="..\src\algorithm\list.h">
      <Filter>algorithm</Filter>
    </ClInclude>
    <ClInclude Include="..\src\algorithm\QuickSort.h">
      <Filter>algorithm</Filter>
    </ClInclude>
    <ClInclude Include="..\src\c++\copy_struct.h">
      <Filter>c++</Filter>
    </ClInclude>
  </ItemGroup>
  <ItemGroup>
    <None Include="Debug\msado15.tlh" />
    <None Include="Debug\msado15.tli" />
    <None Include="..\bin\sky.lua">
      <Filter>cfg</Filter>
    </None>
    <None Include="..\bin\sky.py">
      <Filter>cfg</Filter>
    </None>
    <None Include="..\config\centersvr.conf">
      <Filter>cfg</Filter>
    </None>
    <None Include="..\bin\sky1.lua">
      <Filter>cfg</Filter>
    </None>
  </ItemGroup>
  <ItemGroup>
    <Text Include="..\updatelist.txt" />
  </ItemGroup>
  <ItemGroup>
    <Filter Include="lua">
      <UniqueIdentifier>{0141edac-564c-494a-b0a5-51966f3a0d68}</UniqueIdentifier>
    </Filter>
    <Filter Include="cfg">
      <UniqueIdentifier>{8b036161-72f9-4ae8-8055-7c30976faee9}</UniqueIdentifier>
    </Filter>
    <Filter Include="libevent">
      <UniqueIdentifier>{23862376-81f9-4d28-b420-8b5d203a895c}</UniqueIdentifier>
    </Filter>
    <Filter Include="main">
      <UniqueIdentifier>{c962f217-f4e3-49e1-9b58-59db3158f7af}</UniqueIdentifier>
    </Filter>
    <Filter Include="memmove">
      <UniqueIdentifier>{d8edb1ff-9227-4551-a0e0-1337a7573335}</UniqueIdentifier>
    </Filter>
    <Filter Include="memory">
      <UniqueIdentifier>{ce585a1d-f5eb-4d12-a053-6baa5eeafc1e}</UniqueIdentifier>
    </Filter>
    <Filter Include="algorithm">
      <UniqueIdentifier>{0b9d0eb5-2414-4bf5-b51c-aa954a8d7a24}</UniqueIdentifier>
    </Filter>
    <Filter Include="c++">
      <UniqueIdentifier>{a3f0f1ae-7f29-4d2a-af05-f0bdfc6d9a87}</UniqueIdentifier>
    </Filter>
  </ItemGroup>
</Project>