
Microsoft Visual Studio Solution File, Format Version 12.00
# Visual Studio 2012
Project("{8BC9CEB8-8B4A-11D0-8D11-00A0C91BC942}") = "Win_pro_2008", "Win_pro_2008.vcxproj", "{02EC7EF2-25CE-46F0-9412-D049B39BE355}"
EndProject
Global
	GlobalSection(SolutionConfigurationPlatforms) = preSolution
		Debug|Win32 = Debug|Win32
		Release|Win32 = Release|Win32
	EndGlobalSection
	GlobalSection(ProjectConfigurationPlatforms) = postSolution
		{02EC7EF2-25CE-46F0-9412-D049B39BE355}.Debug|Win32.ActiveCfg = Debug|Win32
		{02EC7EF2-25CE-46F0-9412-D049B39BE355}.Debug|Win32.Build.0 = Debug|Win32
		{02EC7EF2-25CE-46F0-9412-D049B39BE355}.Release|Win32.ActiveCfg = Release|Win32
		{02EC7EF2-25CE-46F0-9412-D049B39BE355}.Release|Win32.Build.0 = Release|Win32
	EndGlobalSection
	GlobalSection(SolutionProperties) = preSolution
		HideSolutionNode = FALSE
	EndGlobalSection
EndGlobal
